
Microsoft Visual Studio Solution File, Format Version 12.00
# Visual Studio Version 17
VisualStudioVersion = 17.11.35222.181
MinimumVisualStudioVersion = 10.0.40219.1
Project("{888888A0-9F3D-457C-B088-3A5042F75D52}") = "LineBot", "LineBot.pyproj", "{CFB9CA66-96C5-4F56-8B73-7954E1E48E4B}"
EndProject
Global
	GlobalSection(SolutionConfigurationPlatforms) = preSolution
		Debug|Any CPU = Debug|Any CPU
		Release|Any CPU = Release|Any CPU
	EndGlobalSection
	GlobalSection(ProjectConfigurationPlatforms) = postSolution
		{CFB9CA66-96C5-4F56-8B73-7954E1E48E4B}.Debug|Any CPU.ActiveCfg = Debug|Any CPU
		{CFB9CA66-96C5-4F56-8B73-7954E1E48E4B}.Release|Any CPU.ActiveCfg = Release|Any CPU
	EndGlobalSection
	GlobalSection(SolutionProperties) = preSolution
		HideSolutionNode = FALSE
	EndGlobalSection
	GlobalSection(ExtensibilityGlobals) = postSolution
		SolutionGuid = {DE7AF3AA-8C0B-467C-8D7E-5BAD56DFB4F4}
	EndGlobalSection
EndGlobal
